// !$*UTF8*$!
{
	archiveVersion = 1;
	classes = {
	};
	objectVersion = 56;
	objects = {

/* Begin PBXBuildFile section */
		C2261CC02B44CEC2003EADCF /* FirebaseAuth in Frameworks */ = {isa = PBXBuildFile; productRef = C2261CBF2B44CEC2003EADCF /* FirebaseAuth */; };
		C2261CC22B44CEC7003EADCF /* FirebaseDatabase in Frameworks */ = {isa = PBXBuildFile; productRef = C2261CC12B44CEC7003EADCF /* FirebaseDatabase */; };
		C2261CC42B44CECB003EADCF /* GoogleSignIn in Frameworks */ = {isa = PBXBuildFile; productRef = C2261CC32B44CECB003EADCF /* GoogleSignIn */; };
		C2261CC62B44CECF003EADCF /* JGProgressHUD in Frameworks */ = {isa = PBXBuildFile; productRef = C2261CC52B44CECF003EADCF /* JGProgressHUD */; };
		C2261CCC2B44CFD2003EADCF /* Models.swift in Sources */ = {isa = PBXBuildFile; fileRef = C2261CCB2B44CFD2003EADCF /* Models.swift */; };
		C23115442B44D9CC0015CFC5 /* MockUserService.swift in Sources */ = {isa = PBXBuildFile; fileRef = C23115432B44D9CC0015CFC5 /* MockUserService.swift */; };
		C23115462B4576B20015CFC5 /* MockAuthService.swift in Sources */ = {isa = PBXBuildFile; fileRef = C23115452B4576B20015CFC5 /* MockAuthService.swift */; };
		C23115482B457A100015CFC5 /* MockNetworkManager.swift in Sources */ = {isa = PBXBuildFile; fileRef = C23115472B457A100015CFC5 /* MockNetworkManager.swift */; };
		C231154A2B457A7A0015CFC5 /* MockWordsService.swift in Sources */ = {isa = PBXBuildFile; fileRef = C23115492B457A7A0015CFC5 /* MockWordsService.swift */; };
		C231154C2B457D990015CFC5 /* MockGoogleService.swift in Sources */ = {isa = PBXBuildFile; fileRef = C231154B2B457D990015CFC5 /* MockGoogleService.swift */; };
		C231154E2B457E590015CFC5 /* MockQuizManager.swift in Sources */ = {isa = PBXBuildFile; fileRef = C231154D2B457E590015CFC5 /* MockQuizManager.swift */; };
		C23115522B4581F60015CFC5 /* SplashViewModelTests.swift in Sources */ = {isa = PBXBuildFile; fileRef = C23115512B4581F60015CFC5 /* SplashViewModelTests.swift */; };
		C231155D2B45A4A30015CFC5 /* LoginViewModelTests.swift in Sources */ = {isa = PBXBuildFile; fileRef = C231155C2B45A4A30015CFC5 /* LoginViewModelTests.swift */; };
		C23115622B45AF8E0015CFC5 /* MockAuthCoordinator.swift in Sources */ = {isa = PBXBuildFile; fileRef = C23115612B45AF8E0015CFC5 /* MockAuthCoordinator.swift */; };
		C23115642B45B07D0015CFC5 /* MockTabBarCoordinator.swift in Sources */ = {isa = PBXBuildFile; fileRef = C23115632B45B07D0015CFC5 /* MockTabBarCoordinator.swift */; };
		C23115682B45C5020015CFC5 /* RegisterViewModelTests.swift in Sources */ = {isa = PBXBuildFile; fileRef = C23115672B45C5020015CFC5 /* RegisterViewModelTests.swift */; };
		C231156D2B45C84E0015CFC5 /* TabBarViewModelTests.swift in Sources */ = {isa = PBXBuildFile; fileRef = C231156C2B45C84E0015CFC5 /* TabBarViewModelTests.swift */; };
		C231156F2B45C9360015CFC5 /* MockAuth.swift in Sources */ = {isa = PBXBuildFile; fileRef = C231156E2B45C9360015CFC5 /* MockAuth.swift */; };
		C23115732B45DD9F0015CFC5 /* HomeViewModelTests.swift in Sources */ = {isa = PBXBuildFile; fileRef = C23115722B45DD9F0015CFC5 /* HomeViewModelTests.swift */; };
		C23115752B4602A40015CFC5 /* QuizViewModelTests.swift in Sources */ = {isa = PBXBuildFile; fileRef = C23115742B4602A40015CFC5 /* QuizViewModelTests.swift */; };
		C23115772B4609030015CFC5 /* WordViewModelTests.swift in Sources */ = {isa = PBXBuildFile; fileRef = C23115762B4609030015CFC5 /* WordViewModelTests.swift */; };
		C23654242B448536008A742D /* JGProgressHUD in Frameworks */ = {isa = PBXBuildFile; productRef = C23654232B448536008A742D /* JGProgressHUD */; };
		C248FAE42B3C66A100AD7244 /* Constants.swift in Sources */ = {isa = PBXBuildFile; fileRef = C248FAE32B3C66A100AD7244 /* Constants.swift */; };
		C248FAEA2B3DD75D00AD7244 /* User.swift in Sources */ = {isa = PBXBuildFile; fileRef = C248FAE92B3DD75D00AD7244 /* User.swift */; };
		C248FAEC2B3DD80D00AD7244 /* UserService.swift in Sources */ = {isa = PBXBuildFile; fileRef = C248FAEB2B3DD80D00AD7244 /* UserService.swift */; };
		C248FAEE2B3E1B0B00AD7244 /* TabBarCoordinator.swift in Sources */ = {isa = PBXBuildFile; fileRef = C248FAED2B3E1B0B00AD7244 /* TabBarCoordinator.swift */; };
		C248FAF32B3E25F400AD7244 /* HomeController.swift in Sources */ = {isa = PBXBuildFile; fileRef = C248FAF22B3E25F400AD7244 /* HomeController.swift */; };
		C248FAF52B3E25FC00AD7244 /* QuizController.swift in Sources */ = {isa = PBXBuildFile; fileRef = C248FAF42B3E25FC00AD7244 /* QuizController.swift */; };
		C248FAF72B3EE32200AD7244 /* WordController.swift in Sources */ = {isa = PBXBuildFile; fileRef = C248FAF62B3EE32200AD7244 /* WordController.swift */; };
		C248FAF92B3EE3B400AD7244 /* HomeViewModel.swift in Sources */ = {isa = PBXBuildFile; fileRef = C248FAF82B3EE3B400AD7244 /* HomeViewModel.swift */; };
		C248FAFE2B3EF09000AD7244 /* QuizViewModel.swift in Sources */ = {isa = PBXBuildFile; fileRef = C248FAFD2B3EF09000AD7244 /* QuizViewModel.swift */; };
		C248FB002B3EF09700AD7244 /* WordViewModel.swift in Sources */ = {isa = PBXBuildFile; fileRef = C248FAFF2B3EF09700AD7244 /* WordViewModel.swift */; };
		C248FB022B3EF5A300AD7244 /* TabBarController.swift in Sources */ = {isa = PBXBuildFile; fileRef = C248FB012B3EF5A300AD7244 /* TabBarController.swift */; };
		C248FB042B3EF5AC00AD7244 /* TabBarViewModel.swift in Sources */ = {isa = PBXBuildFile; fileRef = C248FB032B3EF5AC00AD7244 /* TabBarViewModel.swift */; };
		C248FB092B3F159600AD7244 /* SplashController.swift in Sources */ = {isa = PBXBuildFile; fileRef = C248FB082B3F159600AD7244 /* SplashController.swift */; };
		C248FB0B2B3F15B100AD7244 /* SplashViewModel.swift in Sources */ = {isa = PBXBuildFile; fileRef = C248FB0A2B3F15B100AD7244 /* SplashViewModel.swift */; };
		C248FB0D2B3F640F00AD7244 /* NetworkManager.swift in Sources */ = {isa = PBXBuildFile; fileRef = C248FB0C2B3F640F00AD7244 /* NetworkManager.swift */; };
		C248FB102B3F649600AD7244 /* Moya in Frameworks */ = {isa = PBXBuildFile; productRef = C248FB0F2B3F649600AD7244 /* Moya */; };
		C248FB122B3F6D4A00AD7244 /* WordsAPI.swift in Sources */ = {isa = PBXBuildFile; fileRef = C248FB112B3F6D4A00AD7244 /* WordsAPI.swift */; };
		C248FB142B3F713500AD7244 /* WordsService.swift in Sources */ = {isa = PBXBuildFile; fileRef = C248FB132B3F713500AD7244 /* WordsService.swift */; };
		C248FB162B3F725F00AD7244 /* Words.swift in Sources */ = {isa = PBXBuildFile; fileRef = C248FB152B3F725F00AD7244 /* Words.swift */; };
		C248FB182B3F72C900AD7244 /* Word.swift in Sources */ = {isa = PBXBuildFile; fileRef = C248FB172B3F72C900AD7244 /* Word.swift */; };
		C248FB1E2B40C4F500AD7244 /* GoogleService-Info.plist in Resources */ = {isa = PBXBuildFile; fileRef = C248FB1D2B40C4F500AD7244 /* GoogleService-Info.plist */; };
		C248FB212B40C57B00AD7244 /* GoogleSignIn in Frameworks */ = {isa = PBXBuildFile; productRef = C248FB202B40C57B00AD7244 /* GoogleSignIn */; };
		C248FB262B40CB6C00AD7244 /* GoogleService.swift in Sources */ = {isa = PBXBuildFile; fileRef = C248FB252B40CB6C00AD7244 /* GoogleService.swift */; };
		C248FB282B40E1F400AD7244 /* Quiz.swift in Sources */ = {isa = PBXBuildFile; fileRef = C248FB272B40E1F400AD7244 /* Quiz.swift */; };
		C248FB2A2B43094300AD7244 /* QuizManager.swift in Sources */ = {isa = PBXBuildFile; fileRef = C248FB292B43094300AD7244 /* QuizManager.swift */; };
		C26554592B3C3A6D003B083B /* AppDelegate.swift in Sources */ = {isa = PBXBuildFile; fileRef = C26554582B3C3A6D003B083B /* AppDelegate.swift */; };
		C265545B2B3C3A6D003B083B /* SceneDelegate.swift in Sources */ = {isa = PBXBuildFile; fileRef = C265545A2B3C3A6D003B083B /* SceneDelegate.swift */; };
		C26554632B3C3A6D003B083B /* VocabGem.xcdatamodeld in Sources */ = {isa = PBXBuildFile; fileRef = C26554612B3C3A6D003B083B /* VocabGem.xcdatamodeld */; };
		C26554652B3C3A6F003B083B /* Assets.xcassets in Resources */ = {isa = PBXBuildFile; fileRef = C26554642B3C3A6F003B083B /* Assets.xcassets */; };
		C26554682B3C3A6F003B083B /* LaunchScreen.storyboard in Resources */ = {isa = PBXBuildFile; fileRef = C26554662B3C3A6F003B083B /* LaunchScreen.storyboard */; };
		C265547D2B3C3A6F003B083B /* VocabGemUITests.swift in Sources */ = {isa = PBXBuildFile; fileRef = C265547C2B3C3A6F003B083B /* VocabGemUITests.swift */; };
		C265547F2B3C3A6F003B083B /* VocabGemUITestsLaunchTests.swift in Sources */ = {isa = PBXBuildFile; fileRef = C265547E2B3C3A6F003B083B /* VocabGemUITestsLaunchTests.swift */; };
		C26554952B3C3B1C003B083B /* Extensions.swift in Sources */ = {isa = PBXBuildFile; fileRef = C26554942B3C3B1C003B083B /* Extensions.swift */; };
		C26554972B3C3B9B003B083B /* AppCoordinator.swift in Sources */ = {isa = PBXBuildFile; fileRef = C26554962B3C3B9B003B083B /* AppCoordinator.swift */; };
		C265549E2B3C445F003B083B /* AuthCoordinator.swift in Sources */ = {isa = PBXBuildFile; fileRef = C265549D2B3C445F003B083B /* AuthCoordinator.swift */; };
		C26554A12B3C4716003B083B /* LoginController.swift in Sources */ = {isa = PBXBuildFile; fileRef = C26554A02B3C4716003B083B /* LoginController.swift */; };
		C26554A32B3C471D003B083B /* LoginViewModel.swift in Sources */ = {isa = PBXBuildFile; fileRef = C26554A22B3C471D003B083B /* LoginViewModel.swift */; };
		C26554A82B3C493F003B083B /* FirebaseAuth in Frameworks */ = {isa = PBXBuildFile; productRef = C26554A72B3C493F003B083B /* FirebaseAuth */; };
		C26554AA2B3C493F003B083B /* FirebaseDatabase in Frameworks */ = {isa = PBXBuildFile; productRef = C26554A92B3C493F003B083B /* FirebaseDatabase */; };
		C26554AC2B3C493F003B083B /* FirebaseFirestore in Frameworks */ = {isa = PBXBuildFile; productRef = C26554AB2B3C493F003B083B /* FirebaseFirestore */; };
		C26554AE2B3C493F003B083B /* FirebaseStorage in Frameworks */ = {isa = PBXBuildFile; productRef = C26554AD2B3C493F003B083B /* FirebaseStorage */; };
		C26554B02B3C4E86003B083B /* Utilities.swift in Sources */ = {isa = PBXBuildFile; fileRef = C26554AF2B3C4E86003B083B /* Utilities.swift */; };
		C26554B42B3C5CD4003B083B /* RegisterController.swift in Sources */ = {isa = PBXBuildFile; fileRef = C26554B32B3C5CD4003B083B /* RegisterController.swift */; };
		C26554B62B3C5CDB003B083B /* RegisterViewModel.swift in Sources */ = {isa = PBXBuildFile; fileRef = C26554B52B3C5CDB003B083B /* RegisterViewModel.swift */; };
		C26554BB2B3C6357003B083B /* AuthService.swift in Sources */ = {isa = PBXBuildFile; fileRef = C26554BA2B3C6357003B083B /* AuthService.swift */; };
/* End PBXBuildFile section */

/* Begin PBXContainerItemProxy section */
		C265546F2B3C3A6F003B083B /* PBXContainerItemProxy */ = {
			isa = PBXContainerItemProxy;
			containerPortal = C265544D2B3C3A6D003B083B /* Project object */;
			proxyType = 1;
			remoteGlobalIDString = C26554542B3C3A6D003B083B;
			remoteInfo = VocabGem;
		};
		C26554792B3C3A6F003B083B /* PBXContainerItemProxy */ = {
			isa = PBXContainerItemProxy;
			containerPortal = C265544D2B3C3A6D003B083B /* Project object */;
			proxyType = 1;
			remoteGlobalIDString = C26554542B3C3A6D003B083B;
			remoteInfo = VocabGem;
		};
/* End PBXContainerItemProxy section */

/* Begin PBXFileReference section */
		C2261CCB2B44CFD2003EADCF /* Models.swift */ = {isa = PBXFileReference; lastKnownFileType = sourcecode.swift; path = Models.swift; sourceTree = "<group>"; };
		C231153F2B44D7DB0015CFC5 /* VocabGemTests.xctestplan */ = {isa = PBXFileReference; lastKnownFileType = text; path = VocabGemTests.xctestplan; sourceTree = SOURCE_ROOT; };
		C23115432B44D9CC0015CFC5 /* MockUserService.swift */ = {isa = PBXFileReference; lastKnownFileType = sourcecode.swift; path = MockUserService.swift; sourceTree = "<group>"; };
		C23115452B4576B20015CFC5 /* MockAuthService.swift */ = {isa = PBXFileReference; lastKnownFileType = sourcecode.swift; path = MockAuthService.swift; sourceTree = "<group>"; };
		C23115472B457A100015CFC5 /* MockNetworkManager.swift */ = {isa = PBXFileReference; lastKnownFileType = sourcecode.swift; path = MockNetworkManager.swift; sourceTree = "<group>"; };
		C23115492B457A7A0015CFC5 /* MockWordsService.swift */ = {isa = PBXFileReference; lastKnownFileType = sourcecode.swift; path = MockWordsService.swift; sourceTree = "<group>"; };
		C231154B2B457D990015CFC5 /* MockGoogleService.swift */ = {isa = PBXFileReference; lastKnownFileType = sourcecode.swift; path = MockGoogleService.swift; sourceTree = "<group>"; };
		C231154D2B457E590015CFC5 /* MockQuizManager.swift */ = {isa = PBXFileReference; lastKnownFileType = sourcecode.swift; path = MockQuizManager.swift; sourceTree = "<group>"; };
		C23115512B4581F60015CFC5 /* SplashViewModelTests.swift */ = {isa = PBXFileReference; lastKnownFileType = sourcecode.swift; path = SplashViewModelTests.swift; sourceTree = "<group>"; };
		C231155C2B45A4A30015CFC5 /* LoginViewModelTests.swift */ = {isa = PBXFileReference; lastKnownFileType = sourcecode.swift; path = LoginViewModelTests.swift; sourceTree = "<group>"; };
		C23115612B45AF8E0015CFC5 /* MockAuthCoordinator.swift */ = {isa = PBXFileReference; lastKnownFileType = sourcecode.swift; path = MockAuthCoordinator.swift; sourceTree = "<group>"; };
		C23115632B45B07D0015CFC5 /* MockTabBarCoordinator.swift */ = {isa = PBXFileReference; lastKnownFileType = sourcecode.swift; path = MockTabBarCoordinator.swift; sourceTree = "<group>"; };
		C23115672B45C5020015CFC5 /* RegisterViewModelTests.swift */ = {isa = PBXFileReference; lastKnownFileType = sourcecode.swift; path = RegisterViewModelTests.swift; sourceTree = "<group>"; };
		C231156C2B45C84E0015CFC5 /* TabBarViewModelTests.swift */ = {isa = PBXFileReference; lastKnownFileType = sourcecode.swift; path = TabBarViewModelTests.swift; sourceTree = "<group>"; };
		C231156E2B45C9360015CFC5 /* MockAuth.swift */ = {isa = PBXFileReference; lastKnownFileType = sourcecode.swift; path = MockAuth.swift; sourceTree = "<group>"; };
		C23115722B45DD9F0015CFC5 /* HomeViewModelTests.swift */ = {isa = PBXFileReference; lastKnownFileType = sourcecode.swift; path = HomeViewModelTests.swift; sourceTree = "<group>"; };
		C23115742B4602A40015CFC5 /* QuizViewModelTests.swift */ = {isa = PBXFileReference; lastKnownFileType = sourcecode.swift; path = QuizViewModelTests.swift; sourceTree = "<group>"; };
		C23115762B4609030015CFC5 /* WordViewModelTests.swift */ = {isa = PBXFileReference; lastKnownFileType = sourcecode.swift; path = WordViewModelTests.swift; sourceTree = "<group>"; };
		C248FAE32B3C66A100AD7244 /* Constants.swift */ = {isa = PBXFileReference; lastKnownFileType = sourcecode.swift; path = Constants.swift; sourceTree = "<group>"; };
		C248FAE92B3DD75D00AD7244 /* User.swift */ = {isa = PBXFileReference; lastKnownFileType = sourcecode.swift; path = User.swift; sourceTree = "<group>"; };
		C248FAEB2B3DD80D00AD7244 /* UserService.swift */ = {isa = PBXFileReference; lastKnownFileType = sourcecode.swift; path = UserService.swift; sourceTree = "<group>"; };
		C248FAED2B3E1B0B00AD7244 /* TabBarCoordinator.swift */ = {isa = PBXFileReference; lastKnownFileType = sourcecode.swift; path = TabBarCoordinator.swift; sourceTree = "<group>"; };
		C248FAF22B3E25F400AD7244 /* HomeController.swift */ = {isa = PBXFileReference; lastKnownFileType = sourcecode.swift; path = HomeController.swift; sourceTree = "<group>"; };
		C248FAF42B3E25FC00AD7244 /* QuizController.swift */ = {isa = PBXFileReference; lastKnownFileType = sourcecode.swift; path = QuizController.swift; sourceTree = "<group>"; };
		C248FAF62B3EE32200AD7244 /* WordController.swift */ = {isa = PBXFileReference; lastKnownFileType = sourcecode.swift; path = WordController.swift; sourceTree = "<group>"; };
		C248FAF82B3EE3B400AD7244 /* HomeViewModel.swift */ = {isa = PBXFileReference; lastKnownFileType = sourcecode.swift; path = HomeViewModel.swift; sourceTree = "<group>"; };
		C248FAFD2B3EF09000AD7244 /* QuizViewModel.swift */ = {isa = PBXFileReference; lastKnownFileType = sourcecode.swift; path = QuizViewModel.swift; sourceTree = "<group>"; };
		C248FAFF2B3EF09700AD7244 /* WordViewModel.swift */ = {isa = PBXFileReference; lastKnownFileType = sourcecode.swift; path = WordViewModel.swift; sourceTree = "<group>"; };
		C248FB012B3EF5A300AD7244 /* TabBarController.swift */ = {isa = PBXFileReference; lastKnownFileType = sourcecode.swift; path = TabBarController.swift; sourceTree = "<group>"; };
		C248FB032B3EF5AC00AD7244 /* TabBarViewModel.swift */ = {isa = PBXFileReference; lastKnownFileType = sourcecode.swift; path = TabBarViewModel.swift; sourceTree = "<group>"; };
		C248FB082B3F159600AD7244 /* SplashController.swift */ = {isa = PBXFileReference; lastKnownFileType = sourcecode.swift; path = SplashController.swift; sourceTree = "<group>"; };
		C248FB0A2B3F15B100AD7244 /* SplashViewModel.swift */ = {isa = PBXFileReference; lastKnownFileType = sourcecode.swift; path = SplashViewModel.swift; sourceTree = "<group>"; };
		C248FB0C2B3F640F00AD7244 /* NetworkManager.swift */ = {isa = PBXFileReference; lastKnownFileType = sourcecode.swift; path = NetworkManager.swift; sourceTree = "<group>"; };
		C248FB112B3F6D4A00AD7244 /* WordsAPI.swift */ = {isa = PBXFileReference; lastKnownFileType = sourcecode.swift; path = WordsAPI.swift; sourceTree = "<group>"; };
		C248FB132B3F713500AD7244 /* WordsService.swift */ = {isa = PBXFileReference; lastKnownFileType = sourcecode.swift; path = WordsService.swift; sourceTree = "<group>"; };
		C248FB152B3F725F00AD7244 /* Words.swift */ = {isa = PBXFileReference; lastKnownFileType = sourcecode.swift; path = Words.swift; sourceTree = "<group>"; };
		C248FB172B3F72C900AD7244 /* Word.swift */ = {isa = PBXFileReference; lastKnownFileType = sourcecode.swift; path = Word.swift; sourceTree = "<group>"; };
		C248FB1D2B40C4F500AD7244 /* GoogleService-Info.plist */ = {isa = PBXFileReference; fileEncoding = 4; lastKnownFileType = text.plist.xml; name = "GoogleService-Info.plist"; path = "../../../../Downloads/GoogleService-Info.plist"; sourceTree = "<group>"; };
		C248FB252B40CB6C00AD7244 /* GoogleService.swift */ = {isa = PBXFileReference; lastKnownFileType = sourcecode.swift; path = GoogleService.swift; sourceTree = "<group>"; };
		C248FB272B40E1F400AD7244 /* Quiz.swift */ = {isa = PBXFileReference; lastKnownFileType = sourcecode.swift; path = Quiz.swift; sourceTree = "<group>"; };
		C248FB292B43094300AD7244 /* QuizManager.swift */ = {isa = PBXFileReference; lastKnownFileType = sourcecode.swift; path = QuizManager.swift; sourceTree = "<group>"; };
		C26554552B3C3A6D003B083B /* VocabGem.app */ = {isa = PBXFileReference; explicitFileType = wrapper.application; includeInIndex = 0; path = VocabGem.app; sourceTree = BUILT_PRODUCTS_DIR; };
		C26554582B3C3A6D003B083B /* AppDelegate.swift */ = {isa = PBXFileReference; lastKnownFileType = sourcecode.swift; path = AppDelegate.swift; sourceTree = "<group>"; };
		C265545A2B3C3A6D003B083B /* SceneDelegate.swift */ = {isa = PBXFileReference; lastKnownFileType = sourcecode.swift; path = SceneDelegate.swift; sourceTree = "<group>"; };
		C26554622B3C3A6D003B083B /* VocabGem.xcdatamodel */ = {isa = PBXFileReference; lastKnownFileType = wrapper.xcdatamodel; path = VocabGem.xcdatamodel; sourceTree = "<group>"; };
		C26554642B3C3A6F003B083B /* Assets.xcassets */ = {isa = PBXFileReference; lastKnownFileType = folder.assetcatalog; path = Assets.xcassets; sourceTree = "<group>"; };
		C26554672B3C3A6F003B083B /* Base */ = {isa = PBXFileReference; lastKnownFileType = file.storyboard; name = Base; path = Base.lproj/LaunchScreen.storyboard; sourceTree = "<group>"; };
		C26554692B3C3A6F003B083B /* Info.plist */ = {isa = PBXFileReference; lastKnownFileType = text.plist.xml; path = Info.plist; sourceTree = "<group>"; };
		C265546E2B3C3A6F003B083B /* VocabGemTests.xctest */ = {isa = PBXFileReference; explicitFileType = wrapper.cfbundle; includeInIndex = 0; path = VocabGemTests.xctest; sourceTree = BUILT_PRODUCTS_DIR; };
		C26554782B3C3A6F003B083B /* VocabGemUITests.xctest */ = {isa = PBXFileReference; explicitFileType = wrapper.cfbundle; includeInIndex = 0; path = VocabGemUITests.xctest; sourceTree = BUILT_PRODUCTS_DIR; };
		C265547C2B3C3A6F003B083B /* VocabGemUITests.swift */ = {isa = PBXFileReference; lastKnownFileType = sourcecode.swift; path = VocabGemUITests.swift; sourceTree = "<group>"; };
		C265547E2B3C3A6F003B083B /* VocabGemUITestsLaunchTests.swift */ = {isa = PBXFileReference; lastKnownFileType = sourcecode.swift; path = VocabGemUITestsLaunchTests.swift; sourceTree = "<group>"; };
		C26554942B3C3B1C003B083B /* Extensions.swift */ = {isa = PBXFileReference; lastKnownFileType = sourcecode.swift; path = Extensions.swift; sourceTree = "<group>"; };
		C26554962B3C3B9B003B083B /* AppCoordinator.swift */ = {isa = PBXFileReference; lastKnownFileType = sourcecode.swift; path = AppCoordinator.swift; sourceTree = "<group>"; };
		C265549D2B3C445F003B083B /* AuthCoordinator.swift */ = {isa = PBXFileReference; lastKnownFileType = sourcecode.swift; path = AuthCoordinator.swift; sourceTree = "<group>"; };
		C26554A02B3C4716003B083B /* LoginController.swift */ = {isa = PBXFileReference; lastKnownFileType = sourcecode.swift; path = LoginController.swift; sourceTree = "<group>"; };
		C26554A22B3C471D003B083B /* LoginViewModel.swift */ = {isa = PBXFileReference; lastKnownFileType = sourcecode.swift; path = LoginViewModel.swift; sourceTree = "<group>"; };
		C26554AF2B3C4E86003B083B /* Utilities.swift */ = {isa = PBXFileReference; lastKnownFileType = sourcecode.swift; path = Utilities.swift; sourceTree = "<group>"; };
		C26554B32B3C5CD4003B083B /* RegisterController.swift */ = {isa = PBXFileReference; lastKnownFileType = sourcecode.swift; path = RegisterController.swift; sourceTree = "<group>"; };
		C26554B52B3C5CDB003B083B /* RegisterViewModel.swift */ = {isa = PBXFileReference; lastKnownFileType = sourcecode.swift; path = RegisterViewModel.swift; sourceTree = "<group>"; };
		C26554BA2B3C6357003B083B /* AuthService.swift */ = {isa = PBXFileReference; lastKnownFileType = sourcecode.swift; path = AuthService.swift; sourceTree = "<group>"; };
/* End PBXFileReference section */

/* Begin PBXFrameworksBuildPhase section */
		C26554522B3C3A6D003B083B /* Frameworks */ = {
			isa = PBXFrameworksBuildPhase;
			buildActionMask = 2147483647;
			files = (
				C26554AA2B3C493F003B083B /* FirebaseDatabase in Frameworks */,
				C23654242B448536008A742D /* JGProgressHUD in Frameworks */,
				C26554AE2B3C493F003B083B /* FirebaseStorage in Frameworks */,
				C26554A82B3C493F003B083B /* FirebaseAuth in Frameworks */,
				C248FB102B3F649600AD7244 /* Moya in Frameworks */,
				C26554AC2B3C493F003B083B /* FirebaseFirestore in Frameworks */,
				C248FB212B40C57B00AD7244 /* GoogleSignIn in Frameworks */,
			);
			runOnlyForDeploymentPostprocessing = 0;
		};
		C265546B2B3C3A6F003B083B /* Frameworks */ = {
			isa = PBXFrameworksBuildPhase;
			buildActionMask = 2147483647;
			files = (
				C2261CC62B44CECF003EADCF /* JGProgressHUD in Frameworks */,
				C2261CC22B44CEC7003EADCF /* FirebaseDatabase in Frameworks */,
				C2261CC02B44CEC2003EADCF /* FirebaseAuth in Frameworks */,
				C2261CC42B44CECB003EADCF /* GoogleSignIn in Frameworks */,
			);
			runOnlyForDeploymentPostprocessing = 0;
		};
		C26554752B3C3A6F003B083B /* Frameworks */ = {
			isa = PBXFrameworksBuildPhase;
			buildActionMask = 2147483647;
			files = (
			);
			runOnlyForDeploymentPostprocessing = 0;
		};
/* End PBXFrameworksBuildPhase section */

/* Begin PBXGroup section */
		C2261CBE2B44CEC2003EADCF /* Frameworks */ = {
			isa = PBXGroup;
			children = (
			);
			name = Frameworks;
			sourceTree = "<group>";
		};
		C2261CC72B44CFB8003EADCF /* Mocks */ = {
			isa = PBXGroup;
			children = (
				C2261CC92B44CFC2003EADCF /* Models */,
				C231155E2B45AEEF0015CFC5 /* Coordinators */,
				C23115422B44D9BE0015CFC5 /* Services */,
			);
			path = Mocks;
			sourceTree = "<group>";
		};
		C2261CC92B44CFC2003EADCF /* Models */ = {
			isa = PBXGroup;
			children = (
				C2261CCB2B44CFD2003EADCF /* Models.swift */,
			);
			path = Models;
			sourceTree = "<group>";
		};
		C23115422B44D9BE0015CFC5 /* Services */ = {
			isa = PBXGroup;
			children = (
				C23115452B4576B20015CFC5 /* MockAuthService.swift */,
				C23115432B44D9CC0015CFC5 /* MockUserService.swift */,
				C23115472B457A100015CFC5 /* MockNetworkManager.swift */,
				C23115492B457A7A0015CFC5 /* MockWordsService.swift */,
				C231154B2B457D990015CFC5 /* MockGoogleService.swift */,
				C231154D2B457E590015CFC5 /* MockQuizManager.swift */,
				C231156E2B45C9360015CFC5 /* MockAuth.swift */,
			);
			path = Services;
			sourceTree = "<group>";
		};
		C231154F2B4581E30015CFC5 /* Modules */ = {
			isa = PBXGroup;
			children = (
				C23115502B4581E90015CFC5 /* Splash */,
				C23115592B45A47D0015CFC5 /* Auth */,
				C23115582B45A46D0015CFC5 /* Main */,
			);
			path = Modules;
			sourceTree = "<group>";
		};
		C23115502B4581E90015CFC5 /* Splash */ = {
			isa = PBXGroup;
			children = (
				C23115512B4581F60015CFC5 /* SplashViewModelTests.swift */,
			);
			path = Splash;
			sourceTree = "<group>";
		};
		C23115552B45A4520015CFC5 /* Word */ = {
			isa = PBXGroup;
			children = (
				C23115762B4609030015CFC5 /* WordViewModelTests.swift */,
			);
			path = Word;
			sourceTree = "<group>";
		};
		C23115562B45A45B0015CFC5 /* Quiz */ = {
			isa = PBXGroup;
			children = (
				C23115742B4602A40015CFC5 /* QuizViewModelTests.swift */,
			);
			path = Quiz;
			sourceTree = "<group>";
		};
		C23115572B45A45F0015CFC5 /* Home */ = {
			isa = PBXGroup;
			children = (
				C23115722B45DD9F0015CFC5 /* HomeViewModelTests.swift */,
			);
			path = Home;
			sourceTree = "<group>";
		};
		C23115582B45A46D0015CFC5 /* Main */ = {
			isa = PBXGroup;
			children = (
				C231156C2B45C84E0015CFC5 /* TabBarViewModelTests.swift */,
				C23115572B45A45F0015CFC5 /* Home */,
				C23115562B45A45B0015CFC5 /* Quiz */,
				C23115552B45A4520015CFC5 /* Word */,
			);
			path = Main;
			sourceTree = "<group>";
		};
		C23115592B45A47D0015CFC5 /* Auth */ = {
			isa = PBXGroup;
			children = (
				C231155B2B45A4840015CFC5 /* Login */,
				C231155A2B45A4820015CFC5 /* Register */,
			);
			path = Auth;
			sourceTree = "<group>";
		};
		C231155A2B45A4820015CFC5 /* Register */ = {
			isa = PBXGroup;
			children = (
				C23115672B45C5020015CFC5 /* RegisterViewModelTests.swift */,
			);
			path = Register;
			sourceTree = "<group>";
		};
		C231155B2B45A4840015CFC5 /* Login */ = {
			isa = PBXGroup;
			children = (
				C231155C2B45A4A30015CFC5 /* LoginViewModelTests.swift */,
			);
			path = Login;
			sourceTree = "<group>";
		};
		C231155E2B45AEEF0015CFC5 /* Coordinators */ = {
			isa = PBXGroup;
			children = (
				C23115612B45AF8E0015CFC5 /* MockAuthCoordinator.swift */,
				C23115632B45B07D0015CFC5 /* MockTabBarCoordinator.swift */,
			);
			path = Coordinators;
			sourceTree = "<group>";
		};
		C248FAEF2B3E25B800AD7244 /* Home */ = {
			isa = PBXGroup;
			children = (
				C248FAF22B3E25F400AD7244 /* HomeController.swift */,
				C248FAF82B3EE3B400AD7244 /* HomeViewModel.swift */,
			);
			path = Home;
			sourceTree = "<group>";
		};
		C248FAF02B3E25C900AD7244 /* Word */ = {
			isa = PBXGroup;
			children = (
				C248FAF62B3EE32200AD7244 /* WordController.swift */,
				C248FAFF2B3EF09700AD7244 /* WordViewModel.swift */,
			);
			path = Word;
			sourceTree = "<group>";
		};
		C248FAF12B3E25CC00AD7244 /* Quiz */ = {
			isa = PBXGroup;
			children = (
				C248FAF42B3E25FC00AD7244 /* QuizController.swift */,
				C248FAFD2B3EF09000AD7244 /* QuizViewModel.swift */,
			);
			path = Quiz;
			sourceTree = "<group>";
		};
		C248FB072B3F158800AD7244 /* Splash */ = {
			isa = PBXGroup;
			children = (
				C248FB082B3F159600AD7244 /* SplashController.swift */,
				C248FB0A2B3F15B100AD7244 /* SplashViewModel.swift */,
			);
			path = Splash;
			sourceTree = "<group>";
		};
		C265544C2B3C3A6D003B083B = {
			isa = PBXGroup;
			children = (
				C26554572B3C3A6D003B083B /* VocabGem */,
				C26554712B3C3A6F003B083B /* VocabGemTests */,
				C265547B2B3C3A6F003B083B /* VocabGemUITests */,
				C26554562B3C3A6D003B083B /* Products */,
				C2261CBE2B44CEC2003EADCF /* Frameworks */,
			);
			sourceTree = "<group>";
		};
		C26554562B3C3A6D003B083B /* Products */ = {
			isa = PBXGroup;
			children = (
				C26554552B3C3A6D003B083B /* VocabGem.app */,
				C265546E2B3C3A6F003B083B /* VocabGemTests.xctest */,
				C26554782B3C3A6F003B083B /* VocabGemUITests.xctest */,
			);
			name = Products;
			sourceTree = "<group>";
		};
		C26554572B3C3A6D003B083B /* VocabGem */ = {
			isa = PBXGroup;
			children = (
				C26554932B3C3AD8003B083B /* Model */,
				C26554912B3C3AD6003B083B /* Coordinators */,
				C26554902B3C3AD5003B083B /* Modules */,
				C265548F2B3C3AD4003B083B /* Services */,
				C265548B2B3C3AC7003B083B /* Utils */,
				C26554582B3C3A6D003B083B /* AppDelegate.swift */,
				C265545A2B3C3A6D003B083B /* SceneDelegate.swift */,
				C26554642B3C3A6F003B083B /* Assets.xcassets */,
				C26554662B3C3A6F003B083B /* LaunchScreen.storyboard */,
				C26554692B3C3A6F003B083B /* Info.plist */,
				C248FB1D2B40C4F500AD7244 /* GoogleService-Info.plist */,
				C26554612B3C3A6D003B083B /* VocabGem.xcdatamodeld */,
			);
			path = VocabGem;
			sourceTree = "<group>";
		};
		C26554712B3C3A6F003B083B /* VocabGemTests */ = {
			isa = PBXGroup;
			children = (
				C231153F2B44D7DB0015CFC5 /* VocabGemTests.xctestplan */,
				C2261CC72B44CFB8003EADCF /* Mocks */,
				C231154F2B4581E30015CFC5 /* Modules */,
			);
			path = VocabGemTests;
			sourceTree = "<group>";
		};
		C265547B2B3C3A6F003B083B /* VocabGemUITests */ = {
			isa = PBXGroup;
			children = (
				C265547C2B3C3A6F003B083B /* VocabGemUITests.swift */,
				C265547E2B3C3A6F003B083B /* VocabGemUITestsLaunchTests.swift */,
			);
			path = VocabGemUITests;
			sourceTree = "<group>";
		};
		C265548B2B3C3AC7003B083B /* Utils */ = {
			isa = PBXGroup;
			children = (
				C26554942B3C3B1C003B083B /* Extensions.swift */,
				C26554AF2B3C4E86003B083B /* Utilities.swift */,
				C248FAE32B3C66A100AD7244 /* Constants.swift */,
			);
			path = Utils;
			sourceTree = "<group>";
		};
		C265548F2B3C3AD4003B083B /* Services */ = {
			isa = PBXGroup;
			children = (
				C26554BA2B3C6357003B083B /* AuthService.swift */,
				C248FAEB2B3DD80D00AD7244 /* UserService.swift */,
				C248FB0C2B3F640F00AD7244 /* NetworkManager.swift */,
				C248FB112B3F6D4A00AD7244 /* WordsAPI.swift */,
				C248FB132B3F713500AD7244 /* WordsService.swift */,
				C248FB252B40CB6C00AD7244 /* GoogleService.swift */,
				C248FB292B43094300AD7244 /* QuizManager.swift */,
			);
			path = Services;
			sourceTree = "<group>";
		};
		C26554902B3C3AD5003B083B /* Modules */ = {
			isa = PBXGroup;
			children = (
				C248FB072B3F158800AD7244 /* Splash */,
				C265549F2B3C46E2003B083B /* Auth */,
				C26554B72B3C623C003B083B /* Main */,
			);
			path = Modules;
			sourceTree = "<group>";
		};
		C26554912B3C3AD6003B083B /* Coordinators */ = {
			isa = PBXGroup;
			children = (
				C26554962B3C3B9B003B083B /* AppCoordinator.swift */,
				C265549D2B3C445F003B083B /* AuthCoordinator.swift */,
				C248FAED2B3E1B0B00AD7244 /* TabBarCoordinator.swift */,
			);
			path = Coordinators;
			sourceTree = "<group>";
		};
		C26554932B3C3AD8003B083B /* Model */ = {
			isa = PBXGroup;
			children = (
				C248FAE92B3DD75D00AD7244 /* User.swift */,
				C248FB152B3F725F00AD7244 /* Words.swift */,
				C248FB172B3F72C900AD7244 /* Word.swift */,
				C248FB272B40E1F400AD7244 /* Quiz.swift */,
			);
			path = Model;
			sourceTree = "<group>";
		};
		C265549F2B3C46E2003B083B /* Auth */ = {
			isa = PBXGroup;
			children = (
				C26554B12B3C5CA3003B083B /* Login */,
				C26554B22B3C5CC8003B083B /* Register */,
			);
			path = Auth;
			sourceTree = "<group>";
		};
		C26554B12B3C5CA3003B083B /* Login */ = {
			isa = PBXGroup;
			children = (
				C26554A02B3C4716003B083B /* LoginController.swift */,
				C26554A22B3C471D003B083B /* LoginViewModel.swift */,
			);
			path = Login;
			sourceTree = "<group>";
		};
		C26554B22B3C5CC8003B083B /* Register */ = {
			isa = PBXGroup;
			children = (
				C26554B32B3C5CD4003B083B /* RegisterController.swift */,
				C26554B52B3C5CDB003B083B /* RegisterViewModel.swift */,
			);
			path = Register;
			sourceTree = "<group>";
		};
		C26554B72B3C623C003B083B /* Main */ = {
			isa = PBXGroup;
			children = (
				C248FB012B3EF5A300AD7244 /* TabBarController.swift */,
				C248FB032B3EF5AC00AD7244 /* TabBarViewModel.swift */,
				C248FAEF2B3E25B800AD7244 /* Home */,
				C248FAF12B3E25CC00AD7244 /* Quiz */,
				C248FAF02B3E25C900AD7244 /* Word */,
			);
			path = Main;
			sourceTree = "<group>";
		};
/* End PBXGroup section */

/* Begin PBXNativeTarget section */
		C26554542B3C3A6D003B083B /* VocabGem */ = {
			isa = PBXNativeTarget;
			buildConfigurationList = C26554822B3C3A6F003B083B /* Build configuration list for PBXNativeTarget "VocabGem" */;
			buildPhases = (
				C26554512B3C3A6D003B083B /* Sources */,
				C26554522B3C3A6D003B083B /* Frameworks */,
				C26554532B3C3A6D003B083B /* Resources */,
			);
			buildRules = (
			);
			dependencies = (
			);
			name = VocabGem;
			packageProductDependencies = (
				C26554A72B3C493F003B083B /* FirebaseAuth */,
				C26554A92B3C493F003B083B /* FirebaseDatabase */,
				C26554AB2B3C493F003B083B /* FirebaseFirestore */,
				C26554AD2B3C493F003B083B /* FirebaseStorage */,
				C248FB0F2B3F649600AD7244 /* Moya */,
				C248FB202B40C57B00AD7244 /* GoogleSignIn */,
				C23654232B448536008A742D /* JGProgressHUD */,
			);
			productName = VocabGem;
			productReference = C26554552B3C3A6D003B083B /* VocabGem.app */;
			productType = "com.apple.product-type.application";
		};
		C265546D2B3C3A6F003B083B /* VocabGemTests */ = {
			isa = PBXNativeTarget;
			buildConfigurationList = C26554852B3C3A6F003B083B /* Build configuration list for PBXNativeTarget "VocabGemTests" */;
			buildPhases = (
				C265546A2B3C3A6F003B083B /* Sources */,
				C265546B2B3C3A6F003B083B /* Frameworks */,
				C265546C2B3C3A6F003B083B /* Resources */,
			);
			buildRules = (
			);
			dependencies = (
				C26554702B3C3A6F003B083B /* PBXTargetDependency */,
			);
			name = VocabGemTests;
			packageProductDependencies = (
				C2261CBF2B44CEC2003EADCF /* FirebaseAuth */,
				C2261CC12B44CEC7003EADCF /* FirebaseDatabase */,
				C2261CC32B44CECB003EADCF /* GoogleSignIn */,
				C2261CC52B44CECF003EADCF /* JGProgressHUD */,
			);
			productName = VocabGemTests;
			productReference = C265546E2B3C3A6F003B083B /* VocabGemTests.xctest */;
			productType = "com.apple.product-type.bundle.unit-test";
		};
		C26554772B3C3A6F003B083B /* VocabGemUITests */ = {
			isa = PBXNativeTarget;
			buildConfigurationList = C26554882B3C3A6F003B083B /* Build configuration list for PBXNativeTarget "VocabGemUITests" */;
			buildPhases = (
				C26554742B3C3A6F003B083B /* Sources */,
				C26554752B3C3A6F003B083B /* Frameworks */,
				C26554762B3C3A6F003B083B /* Resources */,
			);
			buildRules = (
			);
			dependencies = (
				C265547A2B3C3A6F003B083B /* PBXTargetDependency */,
			);
			name = VocabGemUITests;
			productName = VocabGemUITests;
			productReference = C26554782B3C3A6F003B083B /* VocabGemUITests.xctest */;
			productType = "com.apple.product-type.bundle.ui-testing";
		};
/* End PBXNativeTarget section */

/* Begin PBXProject section */
		C265544D2B3C3A6D003B083B /* Project object */ = {
			isa = PBXProject;
			attributes = {
				BuildIndependentTargetsInParallel = 1;
				LastSwiftUpdateCheck = 1430;
				LastUpgradeCheck = 1430;
				TargetAttributes = {
					C26554542B3C3A6D003B083B = {
						CreatedOnToolsVersion = 14.3.1;
					};
					C265546D2B3C3A6F003B083B = {
						CreatedOnToolsVersion = 14.3.1;
						LastSwiftMigration = 1430;
						TestTargetID = C26554542B3C3A6D003B083B;
					};
					C26554772B3C3A6F003B083B = {
						CreatedOnToolsVersion = 14.3.1;
						TestTargetID = C26554542B3C3A6D003B083B;
					};
				};
			};
			buildConfigurationList = C26554502B3C3A6D003B083B /* Build configuration list for PBXProject "VocabGem" */;
			compatibilityVersion = "Xcode 14.0";
			developmentRegion = en;
			hasScannedForEncodings = 0;
			knownRegions = (
				en,
				Base,
			);
			mainGroup = C265544C2B3C3A6D003B083B;
			packageReferences = (
				C26554A62B3C493F003B083B /* XCRemoteSwiftPackageReference "firebase-ios-sdk" */,
				C248FB0E2B3F649600AD7244 /* XCRemoteSwiftPackageReference "Moya" */,
				C248FB1F2B40C57B00AD7244 /* XCRemoteSwiftPackageReference "GoogleSignIn-iOS" */,
				C23654222B448536008A742D /* XCRemoteSwiftPackageReference "JGProgressHUD" */,
			);
			productRefGroup = C26554562B3C3A6D003B083B /* Products */;
			projectDirPath = "";
			projectRoot = "";
			targets = (
				C26554542B3C3A6D003B083B /* VocabGem */,
				C265546D2B3C3A6F003B083B /* VocabGemTests */,
				C26554772B3C3A6F003B083B /* VocabGemUITests */,
			);
		};
/* End PBXProject section */

/* Begin PBXResourcesBuildPhase section */
		C26554532B3C3A6D003B083B /* Resources */ = {
			isa = PBXResourcesBuildPhase;
			buildActionMask = 2147483647;
			files = (
				C26554682B3C3A6F003B083B /* LaunchScreen.storyboard in Resources */,
				C26554652B3C3A6F003B083B /* Assets.xcassets in Resources */,
				C248FB1E2B40C4F500AD7244 /* GoogleService-Info.plist in Resources */,
			);
			runOnlyForDeploymentPostprocessing = 0;
		};
		C265546C2B3C3A6F003B083B /* Resources */ = {
			isa = PBXResourcesBuildPhase;
			buildActionMask = 2147483647;
			files = (
			);
			runOnlyForDeploymentPostprocessing = 0;
		};
		C26554762B3C3A6F003B083B /* Resources */ = {
			isa = PBXResourcesBuildPhase;
			buildActionMask = 2147483647;
			files = (
			);
			runOnlyForDeploymentPostprocessing = 0;
		};
/* End PBXResourcesBuildPhase section */

/* Begin PBXSourcesBuildPhase section */
		C26554512B3C3A6D003B083B /* Sources */ = {
			isa = PBXSourcesBuildPhase;
			buildActionMask = 2147483647;
			files = (
				C248FB0D2B3F640F00AD7244 /* NetworkManager.swift in Sources */,
				C26554A32B3C471D003B083B /* LoginViewModel.swift in Sources */,
				C248FAF72B3EE32200AD7244 /* WordController.swift in Sources */,
				C26554972B3C3B9B003B083B /* AppCoordinator.swift in Sources */,
				C248FAF92B3EE3B400AD7244 /* HomeViewModel.swift in Sources */,
				C248FAEC2B3DD80D00AD7244 /* UserService.swift in Sources */,
				C248FB022B3EF5A300AD7244 /* TabBarController.swift in Sources */,
				C248FB142B3F713500AD7244 /* WordsService.swift in Sources */,
				C26554B02B3C4E86003B083B /* Utilities.swift in Sources */,
				C248FB162B3F725F00AD7244 /* Words.swift in Sources */,
				C248FB002B3EF09700AD7244 /* WordViewModel.swift in Sources */,
				C26554952B3C3B1C003B083B /* Extensions.swift in Sources */,
				C26554A12B3C4716003B083B /* LoginController.swift in Sources */,
				C248FAEA2B3DD75D00AD7244 /* User.swift in Sources */,
				C248FAFE2B3EF09000AD7244 /* QuizViewModel.swift in Sources */,
				C248FAE42B3C66A100AD7244 /* Constants.swift in Sources */,
				C26554632B3C3A6D003B083B /* VocabGem.xcdatamodeld in Sources */,
				C26554B62B3C5CDB003B083B /* RegisterViewModel.swift in Sources */,
				C26554B42B3C5CD4003B083B /* RegisterController.swift in Sources */,
				C248FB042B3EF5AC00AD7244 /* TabBarViewModel.swift in Sources */,
				C248FB122B3F6D4A00AD7244 /* WordsAPI.swift in Sources */,
				C248FB182B3F72C900AD7244 /* Word.swift in Sources */,
				C26554592B3C3A6D003B083B /* AppDelegate.swift in Sources */,
				C26554BB2B3C6357003B083B /* AuthService.swift in Sources */,
				C248FB092B3F159600AD7244 /* SplashController.swift in Sources */,
				C248FAF32B3E25F400AD7244 /* HomeController.swift in Sources */,
				C248FB0B2B3F15B100AD7244 /* SplashViewModel.swift in Sources */,
				C248FAF52B3E25FC00AD7244 /* QuizController.swift in Sources */,
				C248FB2A2B43094300AD7244 /* QuizManager.swift in Sources */,
				C248FB262B40CB6C00AD7244 /* GoogleService.swift in Sources */,
				C248FB282B40E1F400AD7244 /* Quiz.swift in Sources */,
				C265549E2B3C445F003B083B /* AuthCoordinator.swift in Sources */,
				C265545B2B3C3A6D003B083B /* SceneDelegate.swift in Sources */,
				C248FAEE2B3E1B0B00AD7244 /* TabBarCoordinator.swift in Sources */,
			);
			runOnlyForDeploymentPostprocessing = 0;
		};
		C265546A2B3C3A6F003B083B /* Sources */ = {
			isa = PBXSourcesBuildPhase;
			buildActionMask = 2147483647;
			files = (
				C23115772B4609030015CFC5 /* WordViewModelTests.swift in Sources */,
				C23115442B44D9CC0015CFC5 /* MockUserService.swift in Sources */,
				C23115642B45B07D0015CFC5 /* MockTabBarCoordinator.swift in Sources */,
				C23115462B4576B20015CFC5 /* MockAuthService.swift in Sources */,
				C231156D2B45C84E0015CFC5 /* TabBarViewModelTests.swift in Sources */,
				C23115682B45C5020015CFC5 /* RegisterViewModelTests.swift in Sources */,
				C23115732B45DD9F0015CFC5 /* HomeViewModelTests.swift in Sources */,
				C231154C2B457D990015CFC5 /* MockGoogleService.swift in Sources */,
				C231155D2B45A4A30015CFC5 /* LoginViewModelTests.swift in Sources */,
				C2261CCC2B44CFD2003EADCF /* Models.swift in Sources */,
				C23115482B457A100015CFC5 /* MockNetworkManager.swift in Sources */,
				C231156F2B45C9360015CFC5 /* MockAuth.swift in Sources */,
				C23115752B4602A40015CFC5 /* QuizViewModelTests.swift in Sources */,
				C23115622B45AF8E0015CFC5 /* MockAuthCoordinator.swift in Sources */,
				C231154E2B457E590015CFC5 /* MockQuizManager.swift in Sources */,
				C231154A2B457A7A0015CFC5 /* MockWordsService.swift in Sources */,
				C23115522B4581F60015CFC5 /* SplashViewModelTests.swift in Sources */,
			);
			runOnlyForDeploymentPostprocessing = 0;
		};
		C26554742B3C3A6F003B083B /* Sources */ = {
			isa = PBXSourcesBuildPhase;
			buildActionMask = 2147483647;
			files = (
				C265547F2B3C3A6F003B083B /* VocabGemUITestsLaunchTests.swift in Sources */,
				C265547D2B3C3A6F003B083B /* VocabGemUITests.swift in Sources */,
			);
			runOnlyForDeploymentPostprocessing = 0;
		};
/* End PBXSourcesBuildPhase section */

/* Begin PBXTargetDependency section */
		C26554702B3C3A6F003B083B /* PBXTargetDependency */ = {
			isa = PBXTargetDependency;
			target = C26554542B3C3A6D003B083B /* VocabGem */;
			targetProxy = C265546F2B3C3A6F003B083B /* PBXContainerItemProxy */;
		};
		C265547A2B3C3A6F003B083B /* PBXTargetDependency */ = {
			isa = PBXTargetDependency;
			target = C26554542B3C3A6D003B083B /* VocabGem */;
			targetProxy = C26554792B3C3A6F003B083B /* PBXContainerItemProxy */;
		};
/* End PBXTargetDependency section */

/* Begin PBXVariantGroup section */
		C26554662B3C3A6F003B083B /* LaunchScreen.storyboard */ = {
			isa = PBXVariantGroup;
			children = (
				C26554672B3C3A6F003B083B /* Base */,
			);
			name = LaunchScreen.storyboard;
			sourceTree = "<group>";
		};
/* End PBXVariantGroup section */

/* Begin XCBuildConfiguration section */
		C26554802B3C3A6F003B083B /* Debug */ = {
			isa = XCBuildConfiguration;
			buildSettings = {
				ALWAYS_SEARCH_USER_PATHS = NO;
				CLANG_ANALYZER_NONNULL = YES;
				CLANG_ANALYZER_NUMBER_OBJECT_CONVERSION = YES_AGGRESSIVE;
				CLANG_CXX_LANGUAGE_STANDARD = "gnu++20";
				CLANG_ENABLE_MODULES = YES;
				CLANG_ENABLE_OBJC_ARC = YES;
				CLANG_ENABLE_OBJC_WEAK = YES;
				CLANG_WARN_BLOCK_CAPTURE_AUTORELEASING = YES;
				CLANG_WARN_BOOL_CONVERSION = YES;
				CLANG_WARN_COMMA = YES;
				CLANG_WARN_CONSTANT_CONVERSION = YES;
				CLANG_WARN_DEPRECATED_OBJC_IMPLEMENTATIONS = YES;
				CLANG_WARN_DIRECT_OBJC_ISA_USAGE = YES_ERROR;
				CLANG_WARN_DOCUMENTATION_COMMENTS = YES;
				CLANG_WARN_EMPTY_BODY = YES;
				CLANG_WARN_ENUM_CONVERSION = YES;
				CLANG_WARN_INFINITE_RECURSION = YES;
				CLANG_WARN_INT_CONVERSION = YES;
				CLANG_WARN_NON_LITERAL_NULL_CONVERSION = YES;
				CLANG_WARN_OBJC_IMPLICIT_RETAIN_SELF = YES;
				CLANG_WARN_OBJC_LITERAL_CONVERSION = YES;
				CLANG_WARN_OBJC_ROOT_CLASS = YES_ERROR;
				CLANG_WARN_QUOTED_INCLUDE_IN_FRAMEWORK_HEADER = YES;
				CLANG_WARN_RANGE_LOOP_ANALYSIS = YES;
				CLANG_WARN_STRICT_PROTOTYPES = YES;
				CLANG_WARN_SUSPICIOUS_MOVE = YES;
				CLANG_WARN_UNGUARDED_AVAILABILITY = YES_AGGRESSIVE;
				CLANG_WARN_UNREACHABLE_CODE = YES;
				CLANG_WARN__DUPLICATE_METHOD_MATCH = YES;
				COPY_PHASE_STRIP = NO;
				DEBUG_INFORMATION_FORMAT = dwarf;
				ENABLE_STRICT_OBJC_MSGSEND = YES;
				ENABLE_TESTABILITY = YES;
				GCC_C_LANGUAGE_STANDARD = gnu11;
				GCC_DYNAMIC_NO_PIC = NO;
				GCC_NO_COMMON_BLOCKS = YES;
				GCC_OPTIMIZATION_LEVEL = 0;
				GCC_PREPROCESSOR_DEFINITIONS = (
					"DEBUG=1",
					"$(inherited)",
				);
				GCC_WARN_64_TO_32_BIT_CONVERSION = YES;
				GCC_WARN_ABOUT_RETURN_TYPE = YES_ERROR;
				GCC_WARN_UNDECLARED_SELECTOR = YES;
				GCC_WARN_UNINITIALIZED_AUTOS = YES_AGGRESSIVE;
				GCC_WARN_UNUSED_FUNCTION = YES;
				GCC_WARN_UNUSED_VARIABLE = YES;
				IPHONEOS_DEPLOYMENT_TARGET = 16.4;
				MTL_ENABLE_DEBUG_INFO = INCLUDE_SOURCE;
				MTL_FAST_MATH = YES;
				ONLY_ACTIVE_ARCH = YES;
				SDKROOT = iphoneos;
				SWIFT_ACTIVE_COMPILATION_CONDITIONS = DEBUG;
				SWIFT_OPTIMIZATION_LEVEL = "-Onone";
			};
			name = Debug;
		};
		C26554812B3C3A6F003B083B /* Release */ = {
			isa = XCBuildConfiguration;
			buildSettings = {
				ALWAYS_SEARCH_USER_PATHS = NO;
				CLANG_ANALYZER_NONNULL = YES;
				CLANG_ANALYZER_NUMBER_OBJECT_CONVERSION = YES_AGGRESSIVE;
				CLANG_CXX_LANGUAGE_STANDARD = "gnu++20";
				CLANG_ENABLE_MODULES = YES;
				CLANG_ENABLE_OBJC_ARC = YES;
				CLANG_ENABLE_OBJC_WEAK = YES;
				CLANG_WARN_BLOCK_CAPTURE_AUTORELEASING = YES;
				CLANG_WARN_BOOL_CONVERSION = YES;
				CLANG_WARN_COMMA = YES;
				CLANG_WARN_CONSTANT_CONVERSION = YES;
				CLANG_WARN_DEPRECATED_OBJC_IMPLEMENTATIONS = YES;
				CLANG_WARN_DIRECT_OBJC_ISA_USAGE = YES_ERROR;
				CLANG_WARN_DOCUMENTATION_COMMENTS = YES;
				CLANG_WARN_EMPTY_BODY = YES;
				CLANG_WARN_ENUM_CONVERSION = YES;
				CLANG_WARN_INFINITE_RECURSION = YES;
				CLANG_WARN_INT_CONVERSION = YES;
				CLANG_WARN_NON_LITERAL_NULL_CONVERSION = YES;
				CLANG_WARN_OBJC_IMPLICIT_RETAIN_SELF = YES;
				CLANG_WARN_OBJC_LITERAL_CONVERSION = YES;
				CLANG_WARN_OBJC_ROOT_CLASS = YES_ERROR;
				CLANG_WARN_QUOTED_INCLUDE_IN_FRAMEWORK_HEADER = YES;
				CLANG_WARN_RANGE_LOOP_ANALYSIS = YES;
				CLANG_WARN_STRICT_PROTOTYPES = YES;
				CLANG_WARN_SUSPICIOUS_MOVE = YES;
				CLANG_WARN_UNGUARDED_AVAILABILITY = YES_AGGRESSIVE;
				CLANG_WARN_UNREACHABLE_CODE = YES;
				CLANG_WARN__DUPLICATE_METHOD_MATCH = YES;
				COPY_PHASE_STRIP = NO;
				DEBUG_INFORMATION_FORMAT = "dwarf-with-dsym";
				ENABLE_NS_ASSERTIONS = NO;
				ENABLE_STRICT_OBJC_MSGSEND = YES;
				GCC_C_LANGUAGE_STANDARD = gnu11;
				GCC_NO_COMMON_BLOCKS = YES;
				GCC_WARN_64_TO_32_BIT_CONVERSION = YES;
				GCC_WARN_ABOUT_RETURN_TYPE = YES_ERROR;
				GCC_WARN_UNDECLARED_SELECTOR = YES;
				GCC_WARN_UNINITIALIZED_AUTOS = YES_AGGRESSIVE;
				GCC_WARN_UNUSED_FUNCTION = YES;
				GCC_WARN_UNUSED_VARIABLE = YES;
				IPHONEOS_DEPLOYMENT_TARGET = 16.4;
				MTL_ENABLE_DEBUG_INFO = NO;
				MTL_FAST_MATH = YES;
				SDKROOT = iphoneos;
				SWIFT_COMPILATION_MODE = wholemodule;
				SWIFT_OPTIMIZATION_LEVEL = "-O";
				VALIDATE_PRODUCT = YES;
			};
			name = Release;
		};
		C26554832B3C3A6F003B083B /* Debug */ = {
			isa = XCBuildConfiguration;
			buildSettings = {
				ASSETCATALOG_COMPILER_APPICON_NAME = AppIcon;
				ASSETCATALOG_COMPILER_GLOBAL_ACCENT_COLOR_NAME = AccentColor;
				CODE_SIGN_STYLE = Automatic;
				CURRENT_PROJECT_VERSION = 1;
				DEVELOPMENT_TEAM = 6Y92LH56N8;
				GENERATE_INFOPLIST_FILE = YES;
				INFOPLIST_FILE = VocabGem/Info.plist;
				INFOPLIST_KEY_UIApplicationSupportsIndirectInputEvents = YES;
				INFOPLIST_KEY_UILaunchStoryboardName = LaunchScreen;
				INFOPLIST_KEY_UISupportedInterfaceOrientations = UIInterfaceOrientationPortrait;
				INFOPLIST_KEY_UISupportedInterfaceOrientations_iPad = "UIInterfaceOrientationLandscapeLeft UIInterfaceOrientationLandscapeRight UIInterfaceOrientationPortrait UIInterfaceOrientationPortraitUpsideDown";
				INFOPLIST_KEY_UIUserInterfaceStyle = Light;
				LD_RUNPATH_SEARCH_PATHS = (
					"$(inherited)",
					"@executable_path/Frameworks",
				);
				MARKETING_VERSION = 1.0;
				PRODUCT_BUNDLE_IDENTIFIER = com.alphanogn.VocabGem;
				PRODUCT_NAME = "$(TARGET_NAME)";
				SUPPORTED_PLATFORMS = "iphoneos iphonesimulator";
				SUPPORTS_MACCATALYST = NO;
				SUPPORTS_MAC_DESIGNED_FOR_IPHONE_IPAD = YES;
				SWIFT_EMIT_LOC_STRINGS = YES;
				SWIFT_VERSION = 5.0;
				TARGETED_DEVICE_FAMILY = 1;
			};
			name = Debug;
		};
		C26554842B3C3A6F003B083B /* Release */ = {
			isa = XCBuildConfiguration;
			buildSettings = {
				ASSETCATALOG_COMPILER_APPICON_NAME = AppIcon;
				ASSETCATALOG_COMPILER_GLOBAL_ACCENT_COLOR_NAME = AccentColor;
				CODE_SIGN_STYLE = Automatic;
				CURRENT_PROJECT_VERSION = 1;
				DEVELOPMENT_TEAM = 6Y92LH56N8;
				GENERATE_INFOPLIST_FILE = YES;
				INFOPLIST_FILE = VocabGem/Info.plist;
				INFOPLIST_KEY_UIApplicationSupportsIndirectInputEvents = YES;
				INFOPLIST_KEY_UILaunchStoryboardName = LaunchScreen;
				INFOPLIST_KEY_UISupportedInterfaceOrientations = UIInterfaceOrientationPortrait;
				INFOPLIST_KEY_UISupportedInterfaceOrientations_iPad = "UIInterfaceOrientationLandscapeLeft UIInterfaceOrientationLandscapeRight UIInterfaceOrientationPortrait UIInterfaceOrientationPortraitUpsideDown";
				INFOPLIST_KEY_UIUserInterfaceStyle = Light;
				LD_RUNPATH_SEARCH_PATHS = (
					"$(inherited)",
					"@executable_path/Frameworks",
				);
				MARKETING_VERSION = 1.0;
				PRODUCT_BUNDLE_IDENTIFIER = com.alphanogn.VocabGem;
				PRODUCT_NAME = "$(TARGET_NAME)";
				SUPPORTED_PLATFORMS = "iphoneos iphonesimulator";
				SUPPORTS_MACCATALYST = NO;
				SUPPORTS_MAC_DESIGNED_FOR_IPHONE_IPAD = YES;
				SWIFT_EMIT_LOC_STRINGS = YES;
				SWIFT_VERSION = 5.0;
				TARGETED_DEVICE_FAMILY = 1;
			};
			name = Release;
		};
		C26554862B3C3A6F003B083B /* Debug */ = {
			isa = XCBuildConfiguration;
			buildSettings = {
				ALWAYS_EMBED_SWIFT_STANDARD_LIBRARIES = YES;
				BUNDLE_LOADER = "$(TEST_HOST)";
				CLANG_ENABLE_MODULES = YES;
				CODE_SIGN_STYLE = Automatic;
				CURRENT_PROJECT_VERSION = 1;
				DEVELOPMENT_TEAM = 6Y92LH56N8;
				GENERATE_INFOPLIST_FILE = YES;
				IPHONEOS_DEPLOYMENT_TARGET = 16.4;
				MARKETING_VERSION = 1.0;
				PRODUCT_BUNDLE_IDENTIFIER = com.alphanogn.VocabGemTests;
				PRODUCT_NAME = "$(TARGET_NAME)";
				SWIFT_EMIT_LOC_STRINGS = NO;
				SWIFT_OBJC_BRIDGING_HEADER = "";
				SWIFT_OPTIMIZATION_LEVEL = "-Onone";
				SWIFT_VERSION = 5.0;
				TARGETED_DEVICE_FAMILY = "1,2";
				TEST_HOST = "$(BUILT_PRODUCTS_DIR)/VocabGem.app/$(BUNDLE_EXECUTABLE_FOLDER_PATH)/VocabGem";
			};
			name = Debug;
		};
		C26554872B3C3A6F003B083B /* Release */ = {
			isa = XCBuildConfiguration;
			buildSettings = {
				ALWAYS_EMBED_SWIFT_STANDARD_LIBRARIES = YES;
				BUNDLE_LOADER = "$(TEST_HOST)";
				CLANG_ENABLE_MODULES = YES;
				CODE_SIGN_STYLE = Automatic;
				CURRENT_PROJECT_VERSION = 1;
				DEVELOPMENT_TEAM = 6Y92LH56N8;
				GENERATE_INFOPLIST_FILE = YES;
				IPHONEOS_DEPLOYMENT_TARGET = 16.4;
				MARKETING_VERSION = 1.0;
				PRODUCT_BUNDLE_IDENTIFIER = com.alphanogn.VocabGemTests;
				PRODUCT_NAME = "$(TARGET_NAME)";
				SWIFT_EMIT_LOC_STRINGS = NO;
				SWIFT_OBJC_BRIDGING_HEADER = "";
				SWIFT_VERSION = 5.0;
				TARGETED_DEVICE_FAMILY = "1,2";
				TEST_HOST = "$(BUILT_PRODUCTS_DIR)/VocabGem.app/$(BUNDLE_EXECUTABLE_FOLDER_PATH)/VocabGem";
			};
			name = Release;
		};
		C26554892B3C3A6F003B083B /* Debug */ = {
			isa = XCBuildConfiguration;
			buildSettings = {
				ALWAYS_EMBED_SWIFT_STANDARD_LIBRARIES = YES;
				CODE_SIGN_STYLE = Automatic;
				CURRENT_PROJECT_VERSION = 1;
				DEVELOPMENT_TEAM = 6Y92LH56N8;
				GENERATE_INFOPLIST_FILE = YES;
				MARKETING_VERSION = 1.0;
				PRODUCT_BUNDLE_IDENTIFIER = com.alphanogn.VocabGemUITests;
				PRODUCT_NAME = "$(TARGET_NAME)";
				SWIFT_EMIT_LOC_STRINGS = NO;
				SWIFT_VERSION = 5.0;
				TARGETED_DEVICE_FAMILY = "1,2";
				TEST_TARGET_NAME = VocabGem;
			};
			name = Debug;
		};
		C265548A2B3C3A6F003B083B /* Release */ = {
			isa = XCBuildConfiguration;
			buildSettings = {
				ALWAYS_EMBED_SWIFT_STANDARD_LIBRARIES = YES;
				CODE_SIGN_STYLE = Automatic;
				CURRENT_PROJECT_VERSION = 1;
				DEVELOPMENT_TEAM = 6Y92LH56N8;
				GENERATE_INFOPLIST_FILE = YES;
				MARKETING_VERSION = 1.0;
				PRODUCT_BUNDLE_IDENTIFIER = com.alphanogn.VocabGemUITests;
				PRODUCT_NAME = "$(TARGET_NAME)";
				SWIFT_EMIT_LOC_STRINGS = NO;
				SWIFT_VERSION = 5.0;
				TARGETED_DEVICE_FAMILY = "1,2";
				TEST_TARGET_NAME = VocabGem;
			};
			name = Release;
		};
/* End XCBuildConfiguration section */

/* Begin XCConfigurationList section */
		C26554502B3C3A6D003B083B /* Build configuration list for PBXProject "VocabGem" */ = {
			isa = XCConfigurationList;
			buildConfigurations = (
				C26554802B3C3A6F003B083B /* Debug */,
				C26554812B3C3A6F003B083B /* Release */,
			);
			defaultConfigurationIsVisible = 0;
			defaultConfigurationName = Release;
		};
		C26554822B3C3A6F003B083B /* Build configuration list for PBXNativeTarget "VocabGem" */ = {
			isa = XCConfigurationList;
			buildConfigurations = (
				C26554832B3C3A6F003B083B /* Debug */,
				C26554842B3C3A6F003B083B /* Release */,
			);
			defaultConfigurationIsVisible = 0;
			defaultConfigurationName = Release;
		};
		C26554852B3C3A6F003B083B /* Build configuration list for PBXNativeTarget "VocabGemTests" */ = {
			isa = XCConfigurationList;
			buildConfigurations = (
				C26554862B3C3A6F003B083B /* Debug */,
				C26554872B3C3A6F003B083B /* Release */,
			);
			defaultConfigurationIsVisible = 0;
			defaultConfigurationName = Release;
		};
		C26554882B3C3A6F003B083B /* Build configuration list for PBXNativeTarget "VocabGemUITests" */ = {
			isa = XCConfigurationList;
			buildConfigurations = (
				C26554892B3C3A6F003B083B /* Debug */,
				C265548A2B3C3A6F003B083B /* Release */,
			);
			defaultConfigurationIsVisible = 0;
			defaultConfigurationName = Release;
		};
/* End XCConfigurationList section */

/* Begin XCRemoteSwiftPackageReference section */
		C23654222B448536008A742D /* XCRemoteSwiftPackageReference "JGProgressHUD" */ = {
			isa = XCRemoteSwiftPackageReference;
			repositoryURL = "https://github.com/JonasGessner/JGProgressHUD.git";
			requirement = {
				kind = upToNextMajorVersion;
				minimumVersion = 2.0.0;
			};
		};
		C248FB0E2B3F649600AD7244 /* XCRemoteSwiftPackageReference "Moya" */ = {
			isa = XCRemoteSwiftPackageReference;
			repositoryURL = "https://github.com/Moya/Moya.git";
			requirement = {
				kind = upToNextMajorVersion;
				minimumVersion = 15.0.0;
			};
		};
		C248FB1F2B40C57B00AD7244 /* XCRemoteSwiftPackageReference "GoogleSignIn-iOS" */ = {
			isa = XCRemoteSwiftPackageReference;
			repositoryURL = "https://github.com/google/GoogleSignIn-iOS";
			requirement = {
				kind = upToNextMajorVersion;
				minimumVersion = 7.0.0;
			};
		};
		C26554A62B3C493F003B083B /* XCRemoteSwiftPackageReference "firebase-ios-sdk" */ = {
			isa = XCRemoteSwiftPackageReference;
			repositoryURL = "https://github.com/firebase/firebase-ios-sdk";
			requirement = {
				kind = upToNextMajorVersion;
				minimumVersion = 10.0.0;
			};
		};
/* End XCRemoteSwiftPackageReference section */

/* Begin XCSwiftPackageProductDependency section */
		C2261CBF2B44CEC2003EADCF /* FirebaseAuth */ = {
			isa = XCSwiftPackageProductDependency;
			package = C26554A62B3C493F003B083B /* XCRemoteSwiftPackageReference "firebase-ios-sdk" */;
			productName = FirebaseAuth;
		};
		C2261CC12B44CEC7003EADCF /* FirebaseDatabase */ = {
			isa = XCSwiftPackageProductDependency;
			package = C26554A62B3C493F003B083B /* XCRemoteSwiftPackageReference "firebase-ios-sdk" */;
			productName = FirebaseDatabase;
		};
		C2261CC32B44CECB003EADCF /* GoogleSignIn */ = {
			isa = XCSwiftPackageProductDependency;
			package = C248FB1F2B40C57B00AD7244 /* XCRemoteSwiftPackageReference "GoogleSignIn-iOS" */;
			productName = GoogleSignIn;
		};
		C2261CC52B44CECF003EADCF /* JGProgressHUD */ = {
			isa = XCSwiftPackageProductDependency;
			package = C23654222B448536008A742D /* XCRemoteSwiftPackageReference "JGProgressHUD" */;
			productName = JGProgressHUD;
		};
		C23654232B448536008A742D /* JGProgressHUD */ = {
			isa = XCSwiftPackageProductDependency;
			package = C23654222B448536008A742D /* XCRemoteSwiftPackageReference "JGProgressHUD" */;
			productName = JGProgressHUD;
		};
		C248FB0F2B3F649600AD7244 /* Moya */ = {
			isa = XCSwiftPackageProductDependency;
			package = C248FB0E2B3F649600AD7244 /* XCRemoteSwiftPackageReference "Moya" */;
			productName = Moya;
		};
		C248FB202B40C57B00AD7244 /* GoogleSignIn */ = {
			isa = XCSwiftPackageProductDependency;
			package = C248FB1F2B40C57B00AD7244 /* XCRemoteSwiftPackageReference "GoogleSignIn-iOS" */;
			productName = GoogleSignIn;
		};
		C26554A72B3C493F003B083B /* FirebaseAuth */ = {
			isa = XCSwiftPackageProductDependency;
			package = C26554A62B3C493F003B083B /* XCRemoteSwiftPackageReference "firebase-ios-sdk" */;
			productName = FirebaseAuth;
		};
		C26554A92B3C493F003B083B /* FirebaseDatabase */ = {
			isa = XCSwiftPackageProductDependency;
			package = C26554A62B3C493F003B083B /* XCRemoteSwiftPackageReference "firebase-ios-sdk" */;
			productName = FirebaseDatabase;
		};
		C26554AB2B3C493F003B083B /* FirebaseFirestore */ = {
			isa = XCSwiftPackageProductDependency;
			package = C26554A62B3C493F003B083B /* XCRemoteSwiftPackageReference "firebase-ios-sdk" */;
			productName = FirebaseFirestore;
		};
		C26554AD2B3C493F003B083B /* FirebaseStorage */ = {
			isa = XCSwiftPackageProductDependency;
			package = C26554A62B3C493F003B083B /* XCRemoteSwiftPackageReference "firebase-ios-sdk" */;
			productName = FirebaseStorage;
		};
/* End XCSwiftPackageProductDependency section */

/* Begin XCVersionGroup section */
		C26554612B3C3A6D003B083B /* VocabGem.xcdatamodeld */ = {
			isa = XCVersionGroup;
			children = (
				C26554622B3C3A6D003B083B /* VocabGem.xcdatamodel */,
			);
			currentVersion = C26554622B3C3A6D003B083B /* VocabGem.xcdatamodel */;
			path = VocabGem.xcdatamodeld;
			sourceTree = "<group>";
			versionGroupType = wrapper.xcdatamodel;
		};
/* End XCVersionGroup section */
	};
	rootObject = C265544D2B3C3A6D003B083B /* Project object */;
}
